// !$*UTF8*$!
{
	archiveVersion = 1;
	classes = {
	};
	objectVersion = 50;
	objects = {

/* Begin PBXBuildFile section */
		00A99D4C2154978700A8F694 /* AppDelegate.swift in Sources */ = {isa = PBXBuildFile; fileRef = 00A99D4B2154978700A8F694 /* AppDelegate.swift */; };
		00A99D4E2154978700A8F694 /* ViewController.swift in Sources */ = {isa = PBXBuildFile; fileRef = 00A99D4D2154978700A8F694 /* ViewController.swift */; };
		00A99D512154978700A8F694 /* Main.storyboard in Resources */ = {isa = PBXBuildFile; fileRef = 00A99D4F2154978700A8F694 /* Main.storyboard */; };
		00A99D532154978900A8F694 /* Assets.xcassets in Resources */ = {isa = PBXBuildFile; fileRef = 00A99D522154978900A8F694 /* Assets.xcassets */; };
		00A99D562154978900A8F694 /* LaunchScreen.storyboard in Resources */ = {isa = PBXBuildFile; fileRef = 00A99D542154978900A8F694 /* LaunchScreen.storyboard */; };
		00A99D60215497CD00A8F694 /* Intents.framework in Frameworks */ = {isa = PBXBuildFile; fileRef = 00A99D5F215497CD00A8F694 /* Intents.framework */; };
/* End PBXBuildFile section */

/* Begin PBXFileReference section */
		00A99D482154978700A8F694 /* SiriShortcutsDemo.app */ = {isa = PBXFileReference; explicitFileType = wrapper.application; includeInIndex = 0; path = SiriShortcutsDemo.app; sourceTree = BUILT_PRODUCTS_DIR; };
		00A99D4B2154978700A8F694 /* AppDelegate.swift */ = {isa = PBXFileReference; lastKnownFileType = sourcecode.swift; path = AppDelegate.swift; sourceTree = "<group>"; };
		00A99D4D2154978700A8F694 /* ViewController.swift */ = {isa = PBXFileReference; lastKnownFileType = sourcecode.swift; path = ViewController.swift; sourceTree = "<group>"; };
		00A99D502154978700A8F694 /* Base */ = {isa = PBXFileReference; lastKnownFileType = file.storyboard; name = Base; path = Base.lproj/Main.storyboard; sourceTree = "<group>"; };
		00A99D522154978900A8F694 /* Assets.xcassets */ = {isa = PBXFileReference; lastKnownFileType = folder.assetcatalog; path = Assets.xcassets; sourceTree = "<group>"; };
		00A99D552154978900A8F694 /* Base */ = {isa = PBXFileReference; lastKnownFileType = file.storyboard; name = Base; path = Base.lproj/LaunchScreen.storyboard; sourceTree = "<group>"; };
		00A99D572154978900A8F694 /* Info.plist */ = {isa = PBXFileReference; lastKnownFileType = text.plist.xml; path = Info.plist; sourceTree = "<group>"; };
		00A99D5D215497A700A8F694 /* SiriShortcutsDemo.entitlements */ = {isa = PBXFileReference; lastKnownFileType = text.plist.entitlements; path = SiriShortcutsDemo.entitlements; sourceTree = "<group>"; };
		00A99D5F215497CD00A8F694 /* Intents.framework */ = {isa = PBXFileReference; lastKnownFileType = wrapper.framework; name = Intents.framework; path = System/Library/Frameworks/Intents.framework; sourceTree = SDKROOT; };
/* End PBXFileReference section */

/* Begin PBXFrameworksBuildPhase section */
		00A99D452154978700A8F694 /* Frameworks */ = {
			isa = PBXFrameworksBuildPhase;
			buildActionMask = 2147483647;
			files = (
				00A99D60215497CD00A8F694 /* Intents.framework in Frameworks */,
			);
			runOnlyForDeploymentPostprocessing = 0;
		};
/* End PBXFrameworksBuildPhase section */

/* Begin PBXGroup section */
		00A99D3F2154978700A8F694 = {
			isa = PBXGroup;
			children = (
				00A99D4A2154978700A8F694 /* SiriShortcutsDemo */,
				00A99D492154978700A8F694 /* Products */,
				00A99D5E215497CC00A8F694 /* Frameworks */,
			);
			sourceTree = "<group>";
		};
		00A99D492154978700A8F694 /* Products */ = {
			isa = PBXGroup;
			children = (
				00A99D482154978700A8F694 /* SiriShortcutsDemo.app */,
			);
			name = Products;
			sourceTree = "<group>";
		};
		00A99D4A2154978700A8F694 /* SiriShortcutsDemo */ = {
			isa = PBXGroup;
			children = (
				00A99D5D215497A700A8F694 /* SiriShortcutsDemo.entitlements */,
				00A99D4B2154978700A8F694 /* AppDelegate.swift */,
				00A99D4D2154978700A8F694 /* ViewController.swift */,
				00A99D4F2154978700A8F694 /* Main.storyboard */,
				00A99D522154978900A8F694 /* Assets.xcassets */,
				00A99D542154978900A8F694 /* LaunchScreen.storyboard */,
				00A99D572154978900A8F694 /* Info.plist */,
			);
			path = SiriShortcutsDemo;
			sourceTree = "<group>";
		};
		00A99D5E215497CC00A8F694 /* Frameworks */ = {
			isa = PBXGroup;
			children = (
				00A99D5F215497CD00A8F694 /* Intents.framework */,
			);
			name = Frameworks;
			sourceTree = "<group>";
		};
/* End PBXGroup section */

/* Begin PBXNativeTarget section */
		00A99D472154978700A8F694 /* SiriShortcutsDemo */ = {
			isa = PBXNativeTarget;
			buildConfigurationList = 00A99D5A2154978900A8F694 /* Build configuration list for PBXNativeTarget "SiriShortcutsDemo" */;
			buildPhases = (
				00A99D442154978700A8F694 /* Sources */,
				00A99D452154978700A8F694 /* Frameworks */,
				00A99D462154978700A8F694 /* Resources */,
			);
			buildRules = (
			);
			dependencies = (
			);
			name = SiriShortcutsDemo;
			productName = SiriShortcutsDemo;
			productReference = 00A99D482154978700A8F694 /* SiriShortcutsDemo.app */;
			productType = "com.apple.product-type.application";
		};
/* End PBXNativeTarget section */

/* Begin PBXProject section */
		00A99D402154978700A8F694 /* Project object */ = {
			isa = PBXProject;
			attributes = {
				LastSwiftUpdateCheck = 1000;
				LastUpgradeCheck = 1000;
				TargetAttributes = {
					00A99D472154978700A8F694 = {
						CreatedOnToolsVersion = 10.0;
						SystemCapabilities = {
							com.apple.Siri = {
								enabled = 1;
							};
						};
					};
				};
			};
			buildConfigurationList = 00A99D432154978700A8F694 /* Build configuration list for PBXProject "SiriShortcutsDemo" */;
			compatibilityVersion = "Xcode 9.3";
			developmentRegion = en;
			hasScannedForEncodings = 0;
			knownRegions = (
				en,
				Base,
			);
			mainGroup = 00A99D3F2154978700A8F694;
			productRefGroup = 00A99D492154978700A8F694 /* Products */;
			projectDirPath = "";
			projectRoot = "";
			targets = (
				00A99D472154978700A8F694 /* SiriShortcutsDemo */,
			);
		};
/* End PBXProject section */

/* Begin PBXResourcesBuildPhase section */
		00A99D462154978700A8F694 /* Resources */ = {
			isa = PBXResourcesBuildPhase;
			buildActionMask = 2147483647;
			files = (
				00A99D562154978900A8F694 /* LaunchScreen.storyboard in Resources */,
				00A99D532154978900A8F694 /* Assets.xcassets in Resources */,
				00A99D512154978700A8F694 /* Main.storyboard in Resources */,
			);
			runOnlyForDeploymentPostprocessing = 0;
		};
/* End PBXResourcesBuildPhase section */

/* Begin PBXSourcesBuildPhase section */
		00A99D442154978700A8F694 /* Sources */ = {
			isa = PBXSourcesBuildPhase;
			buildActionMask = 2147483647;
			files = (
				00A99D4E2154978700A8F694 /* ViewController.swift in Sources */,
				00A99D4C2154978700A8F694 /* AppDelegate.swift in Sources */,
			);
			runOnlyForDeploymentPostprocessing = 0;
		};
/* End PBXSourcesBuildPhase section */

/* Begin PBXVariantGroup section */
		00A99D4F2154978700A8F694 /* Main.storyboard */ = {
			isa = PBXVariantGroup;
			children = (
				00A99D502154978700A8F694 /* Base */,
			);
			name = Main.storyboard;
			sourceTree = "<group>";
		};
		00A99D542154978900A8F694 /* LaunchScreen.storyboard */ = {
			isa = PBXVariantGroup;
			children = (
				00A99D552154978900A8F694 /* Base */,
			);
			name = LaunchScreen.storyboard;
			sourceTree = "<group>";
		};
/* End PBXVariantGroup section */

/* Begin XCBuildConfiguration section */
		00A99D582154978900A8F694 /* Debug */ = {
			isa = XCBuildConfiguration;
			buildSettings = {
				ALWAYS_SEARCH_USER_PATHS = NO;
				CLANG_ANALYZER_NONNULL = YES;
				CLANG_ANALYZER_NUMBER_OBJECT_CONVERSION = YES_AGGRESSIVE;
				CLANG_CXX_LANGUAGE_STANDARD = "gnu++14";
				CLANG_CXX_LIBRARY = "libc++";
				CLANG_ENABLE_MODULES = YES;
				CLANG_ENABLE_OBJC_ARC = YES;
				CLANG_ENABLE_OBJC_WEAK = YES;
				CLANG_WARN_BLOCK_CAPTURE_AUTORELEASING = YES;
				CLANG_WARN_BOOL_CONVERSION = YES;
				CLANG_WARN_COMMA = YES;
				CLANG_WARN_CONSTANT_CONVERSION = YES;
				CLANG_WARN_DEPRECATED_OBJC_IMPLEMENTATIONS = YES;
				CLANG_WARN_DIRECT_OBJC_ISA_USAGE = YES_ERROR;
				CLANG_WARN_DOCUMENTATION_COMMENTS = YES;
				CLANG_WARN_EMPTY_BODY = YES;
				CLANG_WARN_ENUM_CONVERSION = YES;
				CLANG_WARN_INFINITE_RECURSION = YES;
				CLANG_WARN_INT_CONVERSION = YES;
				CLANG_WARN_NON_LITERAL_NULL_CONVERSION = YES;
				CLANG_WARN_OBJC_IMPLICIT_RETAIN_SELF = YES;
				CLANG_WARN_OBJC_LITERAL_CONVERSION = YES;
				CLANG_WARN_OBJC_ROOT_CLASS = YES_ERROR;
				CLANG_WARN_RANGE_LOOP_ANALYSIS = YES;
				CLANG_WARN_STRICT_PROTOTYPES = YES;
				CLANG_WARN_SUSPICIOUS_MOVE = YES;
				CLANG_WARN_UNGUARDED_AVAILABILITY = YES_AGGRESSIVE;
				CLANG_WARN_UNREACHABLE_CODE = YES;
				CLANG_WARN__DUPLICATE_METHOD_MATCH = YES;
				CODE_SIGN_IDENTITY = "iPhone Developer";
				COPY_PHASE_STRIP = NO;
				DEBUG_INFORMATION_FORMAT = dwarf;
				ENABLE_STRICT_OBJC_MSGSEND = YES;
				ENABLE_TESTABILITY = YES;
				GCC_C_LANGUAGE_STANDARD = gnu11;
				GCC_DYNAMIC_NO_PIC = NO;
				GCC_NO_COMMON_BLOCKS = YES;
				GCC_OPTIMIZATION_LEVEL = 0;
				GCC_PREPROCESSOR_DEFINITIONS = (
					"DEBUG=1",
					"$(inherited)",
				);
				GCC_WARN_64_TO_32_BIT_CONVERSION = YES;
				GCC_WARN_ABOUT_RETURN_TYPE = YES_ERROR;
				GCC_WARN_UNDECLARED_SELECTOR = YES;
				GCC_WARN_UNINITIALIZED_AUTOS = YES_AGGRESSIVE;
				GCC_WARN_UNUSED_FUNCTION = YES;
				GCC_WARN_UNUSED_VARIABLE = YES;
				IPHONEOS_DEPLOYMENT_TARGET = 12.0;
				MTL_ENABLE_DEBUG_INFO = INCLUDE_SOURCE;
				MTL_FAST_MATH = YES;
				ONLY_ACTIVE_ARCH = YES;
				SDKROOT = iphoneos;
				SWIFT_ACTIVE_COMPILATION_CONDITIONS = DEBUG;
				SWIFT_OPTIMIZATION_LEVEL = "-Onone";
			};
			name = Debug;
		};
		00A99D592154978900A8F694 /* Release */ = {
			isa = XCBuildConfiguration;
			buildSettings = {
				ALWAYS_SEARCH_USER_PATHS = NO;
				CLANG_ANALYZER_NONNULL = YES;
				CLANG_ANALYZER_NUMBER_OBJECT_CONVERSION = YES_AGGRESSIVE;
				CLANG_CXX_LANGUAGE_STANDARD = "gnu++14";
				CLANG_CXX_LIBRARY = "libc++";
				CLANG_ENABLE_MODULES = YES;
				CLANG_ENABLE_OBJC_ARC = YES;
				CLANG_ENABLE_OBJC_WEAK = YES;
				CLANG_WARN_BLOCK_CAPTURE_AUTORELEASING = YES;
				CLANG_WARN_BOOL_CONVERSION = YES;
				CLANG_WARN_COMMA = YES;
				CLANG_WARN_CONSTANT_CONVERSION = YES;
				CLANG_WARN_DEPRECATED_OBJC_IMPLEMENTATIONS = YES;
				CLANG_WARN_DIRECT_OBJC_ISA_USAGE = YES_ERROR;
				CLANG_WARN_DOCUMENTATION_COMMENTS = YES;
				CLANG_WARN_EMPTY_BODY = YES;
				CLANG_WARN_ENUM_CONVERSION = YES;
				CLANG_WARN_INFINITE_RECURSION = YES;
				CLANG_WARN_INT_CONVERSION = YES;
				CLANG_WARN_NON_LITERAL_NULL_CONVERSION = YES;
				CLANG_WARN_OBJC_IMPLICIT_RETAIN_SELF = YES;
				CLANG_WARN_OBJC_LITERAL_CONVERSION = YES;
				CLANG_WARN_OBJC_ROOT_CLASS = YES_ERROR;
				CLANG_WARN_RANGE_LOOP_ANALYSIS = YES;
				CLANG_WARN_STRICT_PROTOTYPES = YES;
				CLANG_WARN_SUSPICIOUS_MOVE = YES;
				CLANG_WARN_UNGUARDED_AVAILABILITY = YES_AGGRESSIVE;
				CLANG_WARN_UNREACHABLE_CODE = YES;
				CLANG_WARN__DUPLICATE_METHOD_MATCH = YES;
				CODE_SIGN_IDENTITY = "iPhone Developer";
				COPY_PHASE_STRIP = NO;
				DEBUG_INFORMATION_FORMAT = "dwarf-with-dsym";
				ENABLE_NS_ASSERTIONS = NO;
				ENABLE_STRICT_OBJC_MSGSEND = YES;
				GCC_C_LANGUAGE_STANDARD = gnu11;
				GCC_NO_COMMON_BLOCKS = YES;
				GCC_WARN_64_TO_32_BIT_CONVERSION = YES;
				GCC_WARN_ABOUT_RETURN_TYPE = YES_ERROR;
				GCC_WARN_UNDECLARED_SELECTOR = YES;
				GCC_WARN_UNINITIALIZED_AUTOS = YES_AGGRESSIVE;
				GCC_WARN_UNUSED_FUNCTION = YES;
				GCC_WARN_UNUSED_VARIABLE = YES;
				IPHONEOS_DEPLOYMENT_TARGET = 12.0;
				MTL_ENABLE_DEBUG_INFO = NO;
				MTL_FAST_MATH = YES;
				SDKROOT = iphoneos;
				SWIFT_COMPILATION_MODE = wholemodule;
				SWIFT_OPTIMIZATION_LEVEL = "-O";
				VALIDATE_PRODUCT = YES;
			};
			name = Release;
		};
		00A99D5B2154978900A8F694 /* Debug */ = {
			isa = XCBuildConfiguration;
			buildSettings = {
				ASSETCATALOG_COMPILER_APPICON_NAME = AppIcon;
				CODE_SIGN_ENTITLEMENTS = SiriShortcutsDemo/SiriShortcutsDemo.entitlements;
				CODE_SIGN_STYLE = Automatic;
				DEVELOPMENT_TEAM = K2VBE95LX6;
				INFOPLIST_FILE = SiriShortcutsDemo/Info.plist;
				LD_RUNPATH_SEARCH_PATHS = (
					"$(inherited)",
					"@executable_path/Frameworks",
				);
				PRODUCT_BUNDLE_IDENTIFIER = DouKing.SiriShortcutsDemo;
				PRODUCT_NAME = "$(TARGET_NAME)";
				SWIFT_VERSION = 4.2;
				TARGETED_DEVICE_FAMILY = "1,2";
			};
			name = Debug;
		};
		00A99D5C2154978900A8F694 /* Release */ = {
			isa = XCBuildConfiguration;
			buildSettings = {
				ASSETCATALOG_COMPILER_APPICON_NAME = AppIcon;
				CODE_SIGN_ENTITLEMENTS = SiriShortcutsDemo/SiriShortcutsDemo.entitlements;
				CODE_SIGN_STYLE = Automatic;
				DEVELOPMENT_TEAM = K2VBE95LX6;
				INFOPLIST_FILE = SiriShortcutsDemo/Info.plist;
				LD_RUNPATH_SEARCH_PATHS = (
					"$(inherited)",
					"@executable_path/Frameworks",
				);
				PRODUCT_BUNDLE_IDENTIFIER = DouKing.SiriShortcutsDemo;
				PRODUCT_NAME = "$(TARGET_NAME)";
				SWIFT_VERSION = 4.2;
				TARGETED_DEVICE_FAMILY = "1,2";
			};
			name = Release;
		};
/* End XCBuildConfiguration section */

/* Begin XCConfigurationList section */
		00A99D432154978700A8F694 /* Build configuration list for PBXProject "SiriShortcutsDemo" */ = {
			isa = XCConfigurationList;
			buildConfigurations = (
				00A99D582154978900A8F694 /* Debug */,
				00A99D592154978900A8F694 /* Release */,
			);
			defaultConfigurationIsVisible = 0;
			defaultConfigurationName = Release;
		};
		00A99D5A2154978900A8F694 /* Build configuration list for PBXNativeTarget "SiriShortcutsDemo" */ = {
			isa = XCConfigurationList;
			buildConfigurations = (
				00A99D5B2154978900A8F694 /* Debug */,
				00A99D5C2154978900A8F694 /* Release */,
			);
			defaultConfigurationIsVisible = 0;
			defaultConfigurationName = Release;
		};
/* End XCConfigurationList section */
	};
	rootObject = 00A99D402154978700A8F694 /* Project object */;
}
